{
  "nodes": {
    "nix-crx": {
      "locked": {
        "lastModified": 1772900767,
        "narHash": "sha256-fqMNUKA0jSPK4X4Z6U1KRt2uLx8nGpVqV3HuTnvjlZk=",
        "owner": "andreivolt",
        "repo": "nix-crx",
        "rev": "b762b1c21a4ae4b4bff36f5791d721fbebf45920",
        "type": "github"
      },
      "original": {
        "owner": "andreivolt",
        "repo": "nix-crx",
        "type": "github"
      }
    },
    "nixpkgs": {
      "locked": {
        "lastModified": 1770380644,
        "narHash": "sha256-P7dWMHRUWG5m4G+06jDyThXO7kwSk46C1kgjEWcybkE=",
        "owner": "NixOS",
        "repo": "nixpkgs",
        "rev": "ae67888ff7ef9dff69b3cf0cc0fbfbcd3a722abe",
        "type": "github"
      },
      "original": {
        "owner": "NixOS",
        "ref": "nixpkgs-unstable",
        "repo": "nixpkgs",
        "type": "github"
      }
    },
    "root": {
      "inputs": {
        "nix-crx": "nix-crx",
        "nixpkgs": "nixpkgs"
      }
    }
  },
  "root": "root",
  "version": 7
}
